// !$*UTF8*$!
{
	archiveVersion = 1;
	classes = {
	};
	objectVersion = 50;
	objects = {

/* Begin PBXBuildFile section */
		F906CFAF20D2E92D00C0E0AB /* AppDelegate.swift in Sources */ = {isa = PBXBuildFile; fileRef = F906CFAE20D2E92D00C0E0AB /* AppDelegate.swift */; };
		F906CFB620D2E93000C0E0AB /* Assets.xcassets in Resources */ = {isa = PBXBuildFile; fileRef = F906CFB520D2E93000C0E0AB /* Assets.xcassets */; };
		F906CFB920D2E93000C0E0AB /* LaunchScreen.storyboard in Resources */ = {isa = PBXBuildFile; fileRef = F906CFB720D2E93000C0E0AB /* LaunchScreen.storyboard */; };
		F906CFCA20D2EC4000C0E0AB /* AnimatedSetViewController.swift in Sources */ = {isa = PBXBuildFile; fileRef = F906CFC920D2EC4000C0E0AB /* AnimatedSetViewController.swift */; };
		F906CFD420D2EC6000C0E0AB /* PlayCard.swift in Sources */ = {isa = PBXBuildFile; fileRef = F906CFCC20D2EC6000C0E0AB /* PlayCard.swift */; };
		F906CFD520D2EC6000C0E0AB /* Set.swift in Sources */ = {isa = PBXBuildFile; fileRef = F906CFCD20D2EC6000C0E0AB /* Set.swift */; };
		F906CFD620D2EC6000C0E0AB /* PlayingCardsMainView.swift in Sources */ = {isa = PBXBuildFile; fileRef = F906CFCF20D2EC6000C0E0AB /* PlayingCardsMainView.swift */; };
		F906CFD720D2EC6000C0E0AB /* CardView.swift in Sources */ = {isa = PBXBuildFile; fileRef = F906CFD020D2EC6000C0E0AB /* CardView.swift */; };
		F906CFD820D2EC6000C0E0AB /* Main.storyboard in Resources */ = {isa = PBXBuildFile; fileRef = F906CFD120D2EC6000C0E0AB /* Main.storyboard */; };
		F906CFD920D2EC6000C0E0AB /* Grid.swift in Sources */ = {isa = PBXBuildFile; fileRef = F906CFD320D2EC6000C0E0AB /* Grid.swift */; };
		F940789F20D306280005E5E2 /* CardIndexError.swift in Sources */ = {isa = PBXBuildFile; fileRef = F940789E20D306280005E5E2 /* CardIndexError.swift */; };
		F940FDCA20DC7D3600A7C4E0 /* CardViewGeneratorError.swift in Sources */ = {isa = PBXBuildFile; fileRef = F940FDC920DC7D3600A7C4E0 /* CardViewGeneratorError.swift */; };
		F9B86F3A20F484A000D3E849 /* FlyBehavior.swift in Sources */ = {isa = PBXBuildFile; fileRef = F9B86F3920F484A000D3E849 /* FlyBehavior.swift */; };
		F9B86F3F20F5260100D3E849 /* ConcentrationThemeChooserViewController.swift in Sources */ = {isa = PBXBuildFile; fileRef = F9B86F3B20F5260100D3E849 /* ConcentrationThemeChooserViewController.swift */; };
		F9B86F4020F5260100D3E849 /* Concentration.swift in Sources */ = {isa = PBXBuildFile; fileRef = F9B86F3C20F5260100D3E849 /* Concentration.swift */; };
		F9B86F4120F5260100D3E849 /* Card.swift in Sources */ = {isa = PBXBuildFile; fileRef = F9B86F3D20F5260100D3E849 /* Card.swift */; };
		F9B86F4220F5260100D3E849 /* ConcentrationViewController.swift in Sources */ = {isa = PBXBuildFile; fileRef = F9B86F3E20F5260100D3E849 /* ConcentrationViewController.swift */; };
/* End PBXBuildFile section */

/* Begin PBXFileReference section */
		F906CFAB20D2E92D00C0E0AB /* Animated Set.app */ = {isa = PBXFileReference; explicitFileType = wrapper.application; includeInIndex = 0; path = "Animated Set.app"; sourceTree = BUILT_PRODUCTS_DIR; };
		F906CFAE20D2E92D00C0E0AB /* AppDelegate.swift */ = {isa = PBXFileReference; lastKnownFileType = sourcecode.swift; path = AppDelegate.swift; sourceTree = "<group>"; };
		F906CFB520D2E93000C0E0AB /* Assets.xcassets */ = {isa = PBXFileReference; lastKnownFileType = folder.assetcatalog; path = Assets.xcassets; sourceTree = "<group>"; };
		F906CFB820D2E93000C0E0AB /* Base */ = {isa = PBXFileReference; lastKnownFileType = file.storyboard; name = Base; path = Base.lproj/LaunchScreen.storyboard; sourceTree = "<group>"; };
		F906CFBA20D2E93000C0E0AB /* Info.plist */ = {isa = PBXFileReference; lastKnownFileType = text.plist.xml; path = Info.plist; sourceTree = "<group>"; };
		F906CFC920D2EC4000C0E0AB /* AnimatedSetViewController.swift */ = {isa = PBXFileReference; fileEncoding = 4; lastKnownFileType = sourcecode.swift; path = AnimatedSetViewController.swift; sourceTree = "<group>"; };
		F906CFCC20D2EC6000C0E0AB /* PlayCard.swift */ = {isa = PBXFileReference; fileEncoding = 4; lastKnownFileType = sourcecode.swift; path = PlayCard.swift; sourceTree = "<group>"; };
		F906CFCD20D2EC6000C0E0AB /* Set.swift */ = {isa = PBXFileReference; fileEncoding = 4; lastKnownFileType = sourcecode.swift; path = Set.swift; sourceTree = "<group>"; };
		F906CFCF20D2EC6000C0E0AB /* PlayingCardsMainView.swift */ = {isa = PBXFileReference; fileEncoding = 4; lastKnownFileType = sourcecode.swift; path = PlayingCardsMainView.swift; sourceTree = "<group>"; };
		F906CFD020D2EC6000C0E0AB /* CardView.swift */ = {isa = PBXFileReference; fileEncoding = 4; lastKnownFileType = sourcecode.swift; path = CardView.swift; sourceTree = "<group>"; };
		F906CFD220D2EC6000C0E0AB /* Base */ = {isa = PBXFileReference; lastKnownFileType = file.storyboard; name = Base; path = Base.lproj/Main.storyboard; sourceTree = "<group>"; };
		F906CFD320D2EC6000C0E0AB /* Grid.swift */ = {isa = PBXFileReference; fileEncoding = 4; lastKnownFileType = sourcecode.swift; path = Grid.swift; sourceTree = "<group>"; };
		F940789E20D306280005E5E2 /* CardIndexError.swift */ = {isa = PBXFileReference; lastKnownFileType = sourcecode.swift; path = CardIndexError.swift; sourceTree = "<group>"; };
		F940FDC920DC7D3600A7C4E0 /* CardViewGeneratorError.swift */ = {isa = PBXFileReference; lastKnownFileType = sourcecode.swift; path = CardViewGeneratorError.swift; sourceTree = "<group>"; };
		F9B86F3920F484A000D3E849 /* FlyBehavior.swift */ = {isa = PBXFileReference; lastKnownFileType = sourcecode.swift; path = FlyBehavior.swift; sourceTree = "<group>"; };
		F9B86F3B20F5260100D3E849 /* ConcentrationThemeChooserViewController.swift */ = {isa = PBXFileReference; fileEncoding = 4; lastKnownFileType = sourcecode.swift; path = ConcentrationThemeChooserViewController.swift; sourceTree = "<group>"; };
		F9B86F3C20F5260100D3E849 /* Concentration.swift */ = {isa = PBXFileReference; fileEncoding = 4; lastKnownFileType = sourcecode.swift; path = Concentration.swift; sourceTree = "<group>"; };
		F9B86F3D20F5260100D3E849 /* Card.swift */ = {isa = PBXFileReference; fileEncoding = 4; lastKnownFileType = sourcecode.swift; path = Card.swift; sourceTree = "<group>"; };
		F9B86F3E20F5260100D3E849 /* ConcentrationViewController.swift */ = {isa = PBXFileReference; fileEncoding = 4; lastKnownFileType = sourcecode.swift; path = ConcentrationViewController.swift; sourceTree = "<group>"; };
/* End PBXFileReference section */

/* Begin PBXFrameworksBuildPhase section */
		F906CFA820D2E92D00C0E0AB /* Frameworks */ = {
			isa = PBXFrameworksBuildPhase;
			buildActionMask = 2147483647;
			files = (
			);
			runOnlyForDeploymentPostprocessing = 0;
		};
/* End PBXFrameworksBuildPhase section */

/* Begin PBXGroup section */
		F906CFA220D2E92D00C0E0AB = {
			isa = PBXGroup;
			children = (
				F906CFAD20D2E92D00C0E0AB /* Animated Set */,
				F906CFAC20D2E92D00C0E0AB /* Products */,
			);
			sourceTree = "<group>";
		};
		F906CFAC20D2E92D00C0E0AB /* Products */ = {
			isa = PBXGroup;
			children = (
				F906CFAB20D2E92D00C0E0AB /* Animated Set.app */,
			);
			name = Products;
			sourceTree = "<group>";
		};
		F906CFAD20D2E92D00C0E0AB /* Animated Set */ = {
			isa = PBXGroup;
			children = (
				F906CFCB20D2EC6000C0E0AB /* Model */,
				F906CFCE20D2EC6000C0E0AB /* View */,
				F906CFC820D2EC4000C0E0AB /* Controller */,
				F9B86F3920F484A000D3E849 /* FlyBehavior.swift */,
				F906CFAE20D2E92D00C0E0AB /* AppDelegate.swift */,
				F940789E20D306280005E5E2 /* CardIndexError.swift */,
				F906CFD120D2EC6000C0E0AB /* Main.storyboard */,
				F906CFB520D2E93000C0E0AB /* Assets.xcassets */,
				F906CFB720D2E93000C0E0AB /* LaunchScreen.storyboard */,
				F906CFBA20D2E93000C0E0AB /* Info.plist */,
			);
			path = "Animated Set";
			sourceTree = "<group>";
		};
		F906CFC820D2EC4000C0E0AB /* Controller */ = {
			isa = PBXGroup;
			children = (
				F906CFC920D2EC4000C0E0AB /* AnimatedSetViewController.swift */,
				F9B86F3D20F5260100D3E849 /* Card.swift */,
				F9B86F3C20F5260100D3E849 /* Concentration.swift */,
				F9B86F3B20F5260100D3E849 /* ConcentrationThemeChooserViewController.swift */,
				F9B86F3E20F5260100D3E849 /* ConcentrationViewController.swift */,
			);
			path = Controller;
			sourceTree = "<group>";
		};
		F906CFCB20D2EC6000C0E0AB /* Model */ = {
			isa = PBXGroup;
			children = (
				F940FDC920DC7D3600A7C4E0 /* CardViewGeneratorError.swift */,
				F906CFCC20D2EC6000C0E0AB /* PlayCard.swift */,
				F906CFCD20D2EC6000C0E0AB /* Set.swift */,
			);
			path = Model;
			sourceTree = "<group>";
		};
		F906CFCE20D2EC6000C0E0AB /* View */ = {
			isa = PBXGroup;
			children = (
				F906CFCF20D2EC6000C0E0AB /* PlayingCardsMainView.swift */,
				F906CFD020D2EC6000C0E0AB /* CardView.swift */,
				F906CFD320D2EC6000C0E0AB /* Grid.swift */,
			);
			path = View;
			sourceTree = "<group>";
		};
/* End PBXGroup section */

/* Begin PBXNativeTarget section */
		F906CFAA20D2E92D00C0E0AB /* Animated Set */ = {
			isa = PBXNativeTarget;
			buildConfigurationList = F906CFBD20D2E93000C0E0AB /* Build configuration list for PBXNativeTarget "Animated Set" */;
			buildPhases = (
				F906CFA720D2E92D00C0E0AB /* Sources */,
				F906CFA820D2E92D00C0E0AB /* Frameworks */,
				F906CFA920D2E92D00C0E0AB /* Resources */,
			);
			buildRules = (
			);
			dependencies = (
			);
			name = "Animated Set";
			productName = "Animated Set";
			productReference = F906CFAB20D2E92D00C0E0AB /* Animated Set.app */;
			productType = "com.apple.product-type.application";
		};
/* End PBXNativeTarget section */

/* Begin PBXProject section */
		F906CFA320D2E92D00C0E0AB /* Project object */ = {
			isa = PBXProject;
			attributes = {
				LastSwiftUpdateCheck = 0940;
				LastUpgradeCheck = 0940;
				ORGANIZATIONNAME = Zero;
				TargetAttributes = {
					F906CFAA20D2E92D00C0E0AB = {
						CreatedOnToolsVersion = 9.4;
					};
				};
			};
			buildConfigurationList = F906CFA620D2E92D00C0E0AB /* Build configuration list for PBXProject "Animated Set" */;
			compatibilityVersion = "Xcode 9.3";
			developmentRegion = en;
			hasScannedForEncodings = 0;
			knownRegions = (
				en,
				Base,
			);
			mainGroup = F906CFA220D2E92D00C0E0AB;
			productRefGroup = F906CFAC20D2E92D00C0E0AB /* Products */;
			projectDirPath = "";
			projectRoot = "";
			targets = (
				F906CFAA20D2E92D00C0E0AB /* Animated Set */,
			);
		};
/* End PBXProject section */

/* Begin PBXResourcesBuildPhase section */
		F906CFA920D2E92D00C0E0AB /* Resources */ = {
			isa = PBXResourcesBuildPhase;
			buildActionMask = 2147483647;
			files = (
				F906CFB920D2E93000C0E0AB /* LaunchScreen.storyboard in Resources */,
				F906CFB620D2E93000C0E0AB /* Assets.xcassets in Resources */,
				F906CFD820D2EC6000C0E0AB /* Main.storyboard in Resources */,
			);
			runOnlyForDeploymentPostprocessing = 0;
		};
/* End PBXResourcesBuildPhase section */

/* Begin PBXSourcesBuildPhase section */
		F906CFA720D2E92D00C0E0AB /* Sources */ = {
			isa = PBXSourcesBuildPhase;
			buildActionMask = 2147483647;
			files = (
				F906CFD520D2EC6000C0E0AB /* Set.swift in Sources */,
				F9B86F3A20F484A000D3E849 /* FlyBehavior.swift in Sources */,
				F906CFCA20D2EC4000C0E0AB /* AnimatedSetViewController.swift in Sources */,
				F940FDCA20DC7D3600A7C4E0 /* CardViewGeneratorError.swift in Sources */,
				F9B86F4120F5260100D3E849 /* Card.swift in Sources */,
				F906CFD420D2EC6000C0E0AB /* PlayCard.swift in Sources */,
				F9B86F4220F5260100D3E849 /* ConcentrationViewController.swift in Sources */,
				F9B86F4020F5260100D3E849 /* Concentration.swift in Sources */,
				F940789F20D306280005E5E2 /* CardIndexError.swift in Sources */,
				F906CFD620D2EC6000C0E0AB /* PlayingCardsMainView.swift in Sources */,
				F906CFD720D2EC6000C0E0AB /* CardView.swift in Sources */,
				F906CFD920D2EC6000C0E0AB /* Grid.swift in Sources */,
				F906CFAF20D2E92D00C0E0AB /* AppDelegate.swift in Sources */,
				F9B86F3F20F5260100D3E849 /* ConcentrationThemeChooserViewController.swift in Sources */,
			);
			runOnlyForDeploymentPostprocessing = 0;
		};
/* End PBXSourcesBuildPhase section */

/* Begin PBXVariantGroup section */
		F906CFB720D2E93000C0E0AB /* LaunchScreen.storyboard */ = {
			isa = PBXVariantGroup;
			children = (
				F906CFB820D2E93000C0E0AB /* Base */,
			);
			name = LaunchScreen.storyboard;
			sourceTree = "<group>";
		};
		F906CFD120D2EC6000C0E0AB /* Main.storyboard */ = {
			isa = PBXVariantGroup;
			children = (
				F906CFD220D2EC6000C0E0AB /* Base */,
			);
			name = Main.storyboard;
			sourceTree = "<group>";
		};
/* End PBXVariantGroup section */

/* Begin XCBuildConfiguration section */
		F906CFBB20D2E93000C0E0AB /* Debug */ = {
			isa = XCBuildConfiguration;
			buildSettings = {
				ALWAYS_SEARCH_USER_PATHS = NO;
				CLANG_ANALYZER_NONNULL = YES;
				CLANG_ANALYZER_NUMBER_OBJECT_CONVERSION = YES_AGGRESSIVE;
				CLANG_CXX_LANGUAGE_STANDARD = "gnu++14";
				CLANG_CXX_LIBRARY = "libc++";
				CLANG_ENABLE_MODULES = YES;
				CLANG_ENABLE_OBJC_ARC = YES;
				CLANG_ENABLE_OBJC_WEAK = YES;
				CLANG_WARN_BLOCK_CAPTURE_AUTORELEASING = YES;
				CLANG_WARN_BOOL_CONVERSION = YES;
				CLANG_WARN_COMMA = YES;
				CLANG_WARN_CONSTANT_CONVERSION = YES;
				CLANG_WARN_DEPRECATED_OBJC_IMPLEMENTATIONS = YES;
				CLANG_WARN_DIRECT_OBJC_ISA_USAGE = YES_ERROR;
				CLANG_WARN_DOCUMENTATION_COMMENTS = YES;
				CLANG_WARN_EMPTY_BODY = YES;
				CLANG_WARN_ENUM_CONVERSION = YES;
				CLANG_WARN_INFINITE_RECURSION = YES;
				CLANG_WARN_INT_CONVERSION = YES;
				CLANG_WARN_NON_LITERAL_NULL_CONVERSION = YES;
				CLANG_WARN_OBJC_IMPLICIT_RETAIN_SELF = YES;
				CLANG_WARN_OBJC_LITERAL_CONVERSION = YES;
				CLANG_WARN_OBJC_ROOT_CLASS = YES_ERROR;
				CLANG_WARN_RANGE_LOOP_ANALYSIS = YES;
				CLANG_WARN_STRICT_PROTOTYPES = YES;
				CLANG_WARN_SUSPICIOUS_MOVE = YES;
				CLANG_WARN_UNGUARDED_AVAILABILITY = YES_AGGRESSIVE;
				CLANG_WARN_UNREACHABLE_CODE = YES;
				CLANG_WARN__DUPLICATE_METHOD_MATCH = YES;
				CODE_SIGN_IDENTITY = "iPhone Developer";
				COPY_PHASE_STRIP = NO;
				DEBUG_INFORMATION_FORMAT = dwarf;
				ENABLE_STRICT_OBJC_MSGSEND = YES;
				ENABLE_TESTABILITY = YES;
				GCC_C_LANGUAGE_STANDARD = gnu11;
				GCC_DYNAMIC_NO_PIC = NO;
				GCC_NO_COMMON_BLOCKS = YES;
				GCC_OPTIMIZATION_LEVEL = 0;
				GCC_PREPROCESSOR_DEFINITIONS = (
					"DEBUG=1",
					"$(inherited)",
				);
				GCC_WARN_64_TO_32_BIT_CONVERSION = YES;
				GCC_WARN_ABOUT_RETURN_TYPE = YES_ERROR;
				GCC_WARN_UNDECLARED_SELECTOR = YES;
				GCC_WARN_UNINITIALIZED_AUTOS = YES_AGGRESSIVE;
				GCC_WARN_UNUSED_FUNCTION = YES;
				GCC_WARN_UNUSED_VARIABLE = YES;
				IPHONEOS_DEPLOYMENT_TARGET = 11.4;
				MTL_ENABLE_DEBUG_INFO = YES;
				ONLY_ACTIVE_ARCH = YES;
				SDKROOT = iphoneos;
				SWIFT_ACTIVE_COMPILATION_CONDITIONS = DEBUG;
				SWIFT_OPTIMIZATION_LEVEL = "-Onone";
			};
			name = Debug;
		};
		F906CFBC20D2E93000C0E0AB /* Release */ = {
			isa = XCBuildConfiguration;
			buildSettings = {
				ALWAYS_SEARCH_USER_PATHS = NO;
				CLANG_ANALYZER_NONNULL = YES;
				CLANG_ANALYZER_NUMBER_OBJECT_CONVERSION = YES_AGGRESSIVE;
				CLANG_CXX_LANGUAGE_STANDARD = "gnu++14";
				CLANG_CXX_LIBRARY = "libc++";
				CLANG_ENABLE_MODULES = YES;
				CLANG_ENABLE_OBJC_ARC = YES;
				CLANG_ENABLE_OBJC_WEAK = YES;
				CLANG_WARN_BLOCK_CAPTURE_AUTORELEASING = YES;
				CLANG_WARN_BOOL_CONVERSION = YES;
				CLANG_WARN_COMMA = YES;
				CLANG_WARN_CONSTANT_CONVERSION = YES;
				CLANG_WARN_DEPRECATED_OBJC_IMPLEMENTATIONS = YES;
				CLANG_WARN_DIRECT_OBJC_ISA_USAGE = YES_ERROR;
				CLANG_WARN_DOCUMENTATION_COMMENTS = YES;
				CLANG_WARN_EMPTY_BODY = YES;
				CLANG_WARN_ENUM_CONVERSION = YES;
				CLANG_WARN_INFINITE_RECURSION = YES;
				CLANG_WARN_INT_CONVERSION = YES;
				CLANG_WARN_NON_LITERAL_NULL_CONVERSION = YES;
				CLANG_WARN_OBJC_IMPLICIT_RETAIN_SELF = YES;
				CLANG_WARN_OBJC_LITERAL_CONVERSION = YES;
				CLANG_WARN_OBJC_ROOT_CLASS = YES_ERROR;
				CLANG_WARN_RANGE_LOOP_ANALYSIS = YES;
				CLANG_WARN_STRICT_PROTOTYPES = YES;
				CLANG_WARN_SUSPICIOUS_MOVE = YES;
				CLANG_WARN_UNGUARDED_AVAILABILITY = YES_AGGRESSIVE;
				CLANG_WARN_UNREACHABLE_CODE = YES;
				CLANG_WARN__DUPLICATE_METHOD_MATCH = YES;
				CODE_SIGN_IDENTITY = "iPhone Developer";
				COPY_PHASE_STRIP = NO;
				DEBUG_INFORMATION_FORMAT = "dwarf-with-dsym";
				ENABLE_NS_ASSERTIONS = NO;
				ENABLE_STRICT_OBJC_MSGSEND = YES;
				GCC_C_LANGUAGE_STANDARD = gnu11;
				GCC_NO_COMMON_BLOCKS = YES;
				GCC_WARN_64_TO_32_BIT_CONVERSION = YES;
				GCC_WARN_ABOUT_RETURN_TYPE = YES_ERROR;
				GCC_WARN_UNDECLARED_SELECTOR = YES;
				GCC_WARN_UNINITIALIZED_AUTOS = YES_AGGRESSIVE;
				GCC_WARN_UNUSED_FUNCTION = YES;
				GCC_WARN_UNUSED_VARIABLE = YES;
				IPHONEOS_DEPLOYMENT_TARGET = 11.4;
				MTL_ENABLE_DEBUG_INFO = NO;
				SDKROOT = iphoneos;
				SWIFT_COMPILATION_MODE = wholemodule;
				SWIFT_OPTIMIZATION_LEVEL = "-O";
				VALIDATE_PRODUCT = YES;
			};
			name = Release;
		};
		F906CFBE20D2E93000C0E0AB /* Debug */ = {
			isa = XCBuildConfiguration;
			buildSettings = {
				ASSETCATALOG_COMPILER_APPICON_NAME = AppIcon;
				CODE_SIGN_STYLE = Automatic;
				DEVELOPMENT_TEAM = GG58NB3258;
				INFOPLIST_FILE = "Animated Set/Info.plist";
				LD_RUNPATH_SEARCH_PATHS = (
					"$(inherited)",
					"@executable_path/Frameworks",
				);
				PRODUCT_BUNDLE_IDENTIFIER = "com.Animated-Set";
				PRODUCT_NAME = "$(TARGET_NAME)";
				SWIFT_VERSION = 4.0;
				TARGETED_DEVICE_FAMILY = "1,2";
			};
			name = Debug;
		};
		F906CFBF20D2E93000C0E0AB /* Release */ = {
			isa = XCBuildConfiguration;
			buildSettings = {
				ASSETCATALOG_COMPILER_APPICON_NAME = AppIcon;
				CODE_SIGN_STYLE = Automatic;
				DEVELOPMENT_TEAM = GG58NB3258;
				INFOPLIST_FILE = "Animated Set/Info.plist";
				LD_RUNPATH_SEARCH_PATHS = (
					"$(inherited)",
					"@executable_path/Frameworks",
				);
				PRODUCT_BUNDLE_IDENTIFIER = "com.Animated-Set";
				PRODUCT_NAME = "$(TARGET_NAME)";
				SWIFT_VERSION = 4.0;
				TARGETED_DEVICE_FAMILY = "1,2";
			};
			name = Release;
		};
/* End XCBuildConfiguration section */

/* Begin XCConfigurationList section */
		F906CFA620D2E92D00C0E0AB /* Build configuration list for PBXProject "Animated Set" */ = {
			isa = XCConfigurationList;
			buildConfigurations = (
				F906CFBB20D2E93000C0E0AB /* Debug */,
				F906CFBC20D2E93000C0E0AB /* Release */,
			);
			defaultConfigurationIsVisible = 0;
			defaultConfigurationName = Release;
		};
		F906CFBD20D2E93000C0E0AB /* Build configuration list for PBXNativeTarget "Animated Set" */ = {
			isa = XCConfigurationList;
			buildConfigurations = (
				F906CFBE20D2E93000C0E0AB /* Debug */,
				F906CFBF20D2E93000C0E0AB /* Release */,
			);
			defaultConfigurationIsVisible = 0;
			defaultConfigurationName = Release;
		};
/* End XCConfigurationList section */
	};
	rootObject = F906CFA320D2E92D00C0E0AB /* Project object */;
}
